{
  "name": "elf2rprc",
  "version": "1.0.0",
  "lockfileVersion": 2,
  "requires": true,
  "packages": {
    "": {
      "name": "elf2rprc",
      "version": "1.0.0",
      "license": "BSD-3-Clause",
      "dependencies": {
        "commander": "^10.0.1",
        "elf-tools": "^1.1.2"
      }
    },
    "node_modules/commander": {
      "version": "10.0.1",
      "resolved": "https://registry.npmjs.org/commander/-/commander-10.0.1.tgz",
      "integrity": "sha512-y4Mg2tXshplEbSGzx7amzPwKKOCGuoSRP/CjEdwwk0FOGlUbq6lKuoyDZTNZkmxHdJtp54hdfY/JUrdL7Xfdug==",
      "engines": {
        "node": ">=14"
      }
    },
    "node_modules/elf-tools": {
      "version": "1.1.2",
      "resolved": "https://registry.npmjs.org/elf-tools/-/elf-tools-1.1.2.tgz",
      "integrity": "sha512-x+p+XNxLk8ittsYN7294mCnQ2i48udu3UGdHBv2gw1u1MVigXctcfbp5H9ebqTJnDxkbs6PdOSBOAdYGGDN7uA=="
    }
  },
  "dependencies": {
    "commander": {
      "version": "10.0.1",
      "resolved": "https://registry.npmjs.org/commander/-/commander-10.0.1.tgz",
      "integrity": "sha512-y4Mg2tXshplEbSGzx7amzPwKKOCGuoSRP/CjEdwwk0FOGlUbq6lKuoyDZTNZkmxHdJtp54hdfY/JUrdL7Xfdug=="
    },
    "elf-tools": {
      "version": "1.1.2",
      "resolved": "https://registry.npmjs.org/elf-tools/-/elf-tools-1.1.2.tgz",
      "integrity": "sha512-x+p+XNxLk8ittsYN7294mCnQ2i48udu3UGdHBv2gw1u1MVigXctcfbp5H9ebqTJnDxkbs6PdOSBOAdYGGDN7uA=="
    }
  }
}
